
Microsoft Visual Studio Solution File, Format Version 12.00
# Visual Studio Version 17
VisualStudioVersion = 17.12.35506.116
MinimumVisualStudioVersion = 10.0.40219.1
Project("{A07B5EB6-E848-4116-A8D0-A826331D98C6}") = "TravelPlannerApp", "TravelPlannerApp\TravelPlannerApp.sfproj", "{0C47E579-9EF5-49BC-B16D-EC7051A367B0}"
EndProject
Project("{FAE04EC0-301F-11D3-BF4B-00C04F79EFBC}") = "UserService", "UserService\UserService.csproj", "{9D8CAEF4-18CD-4023-A804-BEEE282BC413}"
EndProject
Project("{FAE04EC0-301F-11D3-BF4B-00C04F79EFBC}") = "TravelService", "TravelService\TravelService.csproj", "{88C327CC-56D8-4B98-87E6-E992E9EA4832}"
EndProject
Project("{FAE04EC0-301F-11D3-BF4B-00C04F79EFBC}") = "ExpenseService", "ExpenseService\ExpenseService.csproj", "{C74CC1D5-C42D-473C-9930-BE8027FCF803}"
EndProject
Project("{54A90642-561A-4BB1-A94E-469ADEE60C69}") = "frontend", "Frontend\frontend.esproj", "{D28F105D-DBBA-4706-8C88-DDAC0C00E35E}"
EndProject
Project("{2150E333-8FDC-42A3-9474-1A3956D46DE8}") = "Dokumentacija", "Dokumentacija", "{1F6F9BCB-3BE2-43A3-9C95-A4CA2F8AD9B5}"
	ProjectSection(SolutionItems) = preProject
		..\..\Dokumentacija.png = ..\..\Dokumentacija.png
		README.md = README.md
		..\..\UseCase1.png = ..\..\UseCase1.png
	EndProjectSection
EndProject
Global
	GlobalSection(SolutionConfigurationPlatforms) = preSolution
		Debug|Any CPU = Debug|Any CPU
		Debug|x64 = Debug|x64
		Release|Any CPU = Release|Any CPU
		Release|x64 = Release|x64
	EndGlobalSection
	GlobalSection(ProjectConfigurationPlatforms) = postSolution
		{0C47E579-9EF5-49BC-B16D-EC7051A367B0}.Debug|Any CPU.ActiveCfg = Debug|x64
		{0C47E579-9EF5-49BC-B16D-EC7051A367B0}.Debug|Any CPU.Build.0 = Debug|x64
		{0C47E579-9EF5-49BC-B16D-EC7051A367B0}.Debug|Any CPU.Deploy.0 = Debug|x64
		{0C47E579-9EF5-49BC-B16D-EC7051A367B0}.Debug|x64.ActiveCfg = Debug|x64
		{0C47E579-9EF5-49BC-B16D-EC7051A367B0}.Debug|x64.Build.0 = Debug|x64
		{0C47E579-9EF5-49BC-B16D-EC7051A367B0}.Debug|x64.Deploy.0 = Debug|x64
		{0C47E579-9EF5-49BC-B16D-EC7051A367B0}.Release|Any CPU.ActiveCfg = Release|x64
		{0C47E579-9EF5-49BC-B16D-EC7051A367B0}.Release|Any CPU.Build.0 = Release|x64
		{0C47E579-9EF5-49BC-B16D-EC7051A367B0}.Release|Any CPU.Deploy.0 = Release|x64
		{0C47E579-9EF5-49BC-B16D-EC7051A367B0}.Release|x64.ActiveCfg = Release|x64
		{0C47E579-9EF5-49BC-B16D-EC7051A367B0}.Release|x64.Build.0 = Release|x64
		{0C47E579-9EF5-49BC-B16D-EC7051A367B0}.Release|x64.Deploy.0 = Release|x64
		{9D8CAEF4-18CD-4023-A804-BEEE282BC413}.Debug|Any CPU.ActiveCfg = Debug|Any CPU
		{9D8CAEF4-18CD-4023-A804-BEEE282BC413}.Debug|Any CPU.Build.0 = Debug|Any CPU
		{9D8CAEF4-18CD-4023-A804-BEEE282BC413}.Debug|x64.ActiveCfg = Debug|Any CPU
		{9D8CAEF4-18CD-4023-A804-BEEE282BC413}.Debug|x64.Build.0 = Debug|Any CPU
		{9D8CAEF4-18CD-4023-A804-BEEE282BC413}.Release|Any CPU.ActiveCfg = Release|Any CPU
		{9D8CAEF4-18CD-4023-A804-BEEE282BC413}.Release|Any CPU.Build.0 = Release|Any CPU
		{9D8CAEF4-18CD-4023-A804-BEEE282BC413}.Release|x64.ActiveCfg = Release|Any CPU
		{9D8CAEF4-18CD-4023-A804-BEEE282BC413}.Release|x64.Build.0 = Release|Any CPU
		{88C327CC-56D8-4B98-87E6-E992E9EA4832}.Debug|Any CPU.ActiveCfg = Debug|Any CPU
		{88C327CC-56D8-4B98-87E6-E992E9EA4832}.Debug|Any CPU.Build.0 = Debug|Any CPU
		{88C327CC-56D8-4B98-87E6-E992E9EA4832}.Debug|x64.ActiveCfg = Debug|Any CPU
		{88C327CC-56D8-4B98-87E6-E992E9EA4832}.Debug|x64.Build.0 = Debug|Any CPU
		{88C327CC-56D8-4B98-87E6-E992E9EA4832}.Release|Any CPU.ActiveCfg = Release|Any CPU
		{88C327CC-56D8-4B98-87E6-E992E9EA4832}.Release|Any CPU.Build.0 = Release|Any CPU
		{88C327CC-56D8-4B98-87E6-E992E9EA4832}.Release|x64.ActiveCfg = Release|Any CPU
		{88C327CC-56D8-4B98-87E6-E992E9EA4832}.Release|x64.Build.0 = Release|Any CPU
		{C74CC1D5-C42D-473C-9930-BE8027FCF803}.Debug|Any CPU.ActiveCfg = Debug|Any CPU
		{C74CC1D5-C42D-473C-9930-BE8027FCF803}.Debug|Any CPU.Build.0 = Debug|Any CPU
		{C74CC1D5-C42D-473C-9930-BE8027FCF803}.Debug|x64.ActiveCfg = Debug|Any CPU
		{C74CC1D5-C42D-473C-9930-BE8027FCF803}.Debug|x64.Build.0 = Debug|Any CPU
		{C74CC1D5-C42D-473C-9930-BE8027FCF803}.Release|Any CPU.ActiveCfg = Release|Any CPU
		{C74CC1D5-C42D-473C-9930-BE8027FCF803}.Release|Any CPU.Build.0 = Release|Any CPU
		{C74CC1D5-C42D-473C-9930-BE8027FCF803}.Release|x64.ActiveCfg = Release|Any CPU
		{C74CC1D5-C42D-473C-9930-BE8027FCF803}.Release|x64.Build.0 = Release|Any CPU
		{D28F105D-DBBA-4706-8C88-DDAC0C00E35E}.Debug|Any CPU.ActiveCfg = Debug|Any CPU
		{D28F105D-DBBA-4706-8C88-DDAC0C00E35E}.Debug|Any CPU.Build.0 = Debug|Any CPU
		{D28F105D-DBBA-4706-8C88-DDAC0C00E35E}.Debug|Any CPU.Deploy.0 = Debug|Any CPU
		{D28F105D-DBBA-4706-8C88-DDAC0C00E35E}.Debug|x64.ActiveCfg = Debug|Any CPU
		{D28F105D-DBBA-4706-8C88-DDAC0C00E35E}.Debug|x64.Build.0 = Debug|Any CPU
		{D28F105D-DBBA-4706-8C88-DDAC0C00E35E}.Debug|x64.Deploy.0 = Debug|Any CPU
		{D28F105D-DBBA-4706-8C88-DDAC0C00E35E}.Release|Any CPU.ActiveCfg = Release|Any CPU
		{D28F105D-DBBA-4706-8C88-DDAC0C00E35E}.Release|Any CPU.Build.0 = Release|Any CPU
		{D28F105D-DBBA-4706-8C88-DDAC0C00E35E}.Release|Any CPU.Deploy.0 = Release|Any CPU
		{D28F105D-DBBA-4706-8C88-DDAC0C00E35E}.Release|x64.ActiveCfg = Release|Any CPU
		{D28F105D-DBBA-4706-8C88-DDAC0C00E35E}.Release|x64.Build.0 = Release|Any CPU
		{D28F105D-DBBA-4706-8C88-DDAC0C00E35E}.Release|x64.Deploy.0 = Release|Any CPU
	EndGlobalSection
	GlobalSection(SolutionProperties) = preSolution
		HideSolutionNode = FALSE
	EndGlobalSection
EndGlobal
